# This file is machine-generated by `gh actions-lock`.
# Do not edit by hand; run `gh actions-lock` to update.
# Docs: https://gh.io/actions-lockfile
version: 'v0.0.2'
workflows:
    '.github/workflows/hypatia-scan.yml': []
    '.github/workflows/label-triage.yml': []
    '.github/workflows/labels.yml': []
    '.github/workflows/secret-scanner.yml': []
    '.github/workflows/changelog-gate.yml':
        - 'actions/checkout@v7.0.1'
    '.github/workflows/ci.yml':
        - 'actions/checkout@v7.0.1'
    '.github/workflows/codeql.yml':
        - 'actions/checkout@v7.0.1'
        - 'github/codeql-action@v4.37.8'
    '.github/workflows/main-estate-audit.yml':
        - 'actions/checkout@v7.0.1'
        - 'hyperpolymath/cicd-suite@main'
    '.github/workflows/push-email-notify.yml':
        - 'dawidd6/action-send-mail@v3.12.0'
    '.github/workflows/release.yml':
        - 'actions/checkout@v7.0.1'
dependencies:
    'actions/checkout@v7.0.1':
        ref: 'v7.0.1'
        commit: 'sha1-3d3c42e5aac5ba805825da76410c181273ba90b1'
        owner_id: 44036562
        repo_id: 197814629
    'dawidd6/action-send-mail@v3.12.0':
        ref: 'v3.12.0'
        commit: 'sha1-0bbdab096651ee93f37ec02383e088183d41ff0b'
        owner_id: 9713907
        repo_id: 222439721
    'github/codeql-action@v4.37.8':
        ref: 'v4.37.8'
        commit: 'sha1-db488ddef3bf6cb639b32c2e9a7c0a7ea8271d28'
        owner_id: 9919
        repo_id: 259445878
    'hyperpolymath/cicd-suite@main':
        ref: 'main'
        commit: 'sha1-a3cd79fba541444c619902330d0b618eb1612634'
        owner_id: 6759885
        repo_id: 1326697643
